{
  "name": "ha-optimal-humidity-ci",
  "version": "0.0.1",
  "lockfileVersion": 2,
  "requires": true,
  "packages": {
    "": {
      "name": "ha-optimal-humidity-ci",
      "version": "0.0.1",
      "license": "MIT",
      "devDependencies": {
        "@commitlint/config-conventional": "^21.2.2"
      }
    },
    "node_modules/@commitlint/config-conventional": {
      "version": "21.2.2",
      "resolved": "https://registry.npmjs.org/@commitlint/config-conventional/-/config-conventional-21.2.2.tgz",
      "integrity": "sha512-NxA37SZviusFUEYOQZ5hNnZ1h7O/KiemPkxjOlpzKJNnWxThiwc6/SaZhaPa8fyLvfRBAywhQhJJk8XESHWlpQ==",
      "dev": true,
      "dependencies": {
        "@commitlint/types": "^21.2.0",
        "conventional-changelog-conventionalcommits": "^10.0.0"
      },
      "engines": {
        "node": ">=22.12.0"
      }
    },
    "node_modules/@commitlint/types": {
      "version": "21.2.0",
      "resolved": "https://registry.npmjs.org/@commitlint/types/-/types-21.2.0.tgz",
      "integrity": "sha512-7zVFCDB2reMvJH5dmbKnOQPjZEvjdJTH8jc0U/PIPU1r3/+vf5pD1HlfitV2MWsWXrvu7u39iY1lyLUPOaN0Gw==",
      "dev": true,
      "dependencies": {
        "conventional-commits-parser": "^7.0.0",
        "picocolors": "^1.1.1"
      },
      "engines": {
        "node": ">=22.12.0"
      }
    },
    "node_modules/@conventional-changelog/template": {
      "version": "1.3.0",
      "resolved": "https://registry.npmjs.org/@conventional-changelog/template/-/template-1.3.0.tgz",
      "integrity": "sha512-GsCw/qu92GI0EX6s7fxUi/SG1lmFjG9XZivxxEDZXqztuQKCn5o5wKdz4v005zci0Md7EZzgAwmQLoIEDZoaow==",
      "dev": true,
      "engines": {
        "node": ">=22"
      }
    },
    "node_modules/@simple-libs/stream-utils": {
      "version": "2.0.0",
      "resolved": "https://registry.npmjs.org/@simple-libs/stream-utils/-/stream-utils-2.0.0.tgz",
      "integrity": "sha512-fCTuZK4QBa+39Oz9l4OGfJfz+GpwCp3AqO7Zch3to99xHPgstVsRFpeQ8LNd2o1Gv8raL2mCFwiaHh7bFSp5DQ==",
      "dev": true,
      "engines": {
        "node": ">=22"
      },
      "funding": {
        "url": "https://ko-fi.com/dangreen"
      }
    },
    "node_modules/argue-cli": {
      "version": "3.1.0",
      "resolved": "https://registry.npmjs.org/argue-cli/-/argue-cli-3.1.0.tgz",
      "integrity": "sha512-DhBpBfXL4SS2uC0N922MMajKR3CdrTG0u2or1PNYgXMsrSzViJrbtvT0nCLlLGUI0plam/ZZCs7aAauHtW9thw==",
      "dev": true,
      "engines": {
        "node": ">=22"
      },
      "funding": {
        "url": "https://ko-fi.com/dangreen"
      }
    },
    "node_modules/conventional-changelog-conventionalcommits": {
      "version": "10.3.0",
      "resolved": "https://registry.npmjs.org/conventional-changelog-conventionalcommits/-/conventional-changelog-conventionalcommits-10.3.0.tgz",
      "integrity": "sha512-qag0zFD867Qq1DK0jAWicyWlEMS1FFC/BLVLISaoeI7Y6Em6aWchk7BCkhOTsecRpMsV6qX41XmlNnghiiTmSw==",
      "dev": true,
      "dependencies": {
        "@conventional-changelog/template": "^1.3.0"
      },
      "engines": {
        "node": ">=22"
      }
    },
    "node_modules/conventional-commits-parser": {
      "version": "7.1.2",
      "resolved": "https://registry.npmjs.org/conventional-commits-parser/-/conventional-commits-parser-7.1.2.tgz",
      "integrity": "sha512-O+x4N2yH+ijvqWlIyTHsXTAP+algNWgGbjY2duCe8w2vUMvUB95cLRslCPfTMQyLAKlet3bhZTdu6ozn4M+QJQ==",
      "dev": true,
      "dependencies": {
        "@simple-libs/stream-utils": "^2.0.0",
        "argue-cli": "^3.1.0"
      },
      "bin": {
        "conventional-commits-parser": "dist/cli/index.js"
      },
      "engines": {
        "node": ">=22"
      }
    },
    "node_modules/picocolors": {
      "version": "1.1.1",
      "resolved": "https://registry.npmjs.org/picocolors/-/picocolors-1.1.1.tgz",
      "integrity": "sha512-xceH2snhtb5M9liqDsmEw56le376mTZkEX/jEb/RxNFyegNul7eNslCXP9FDj/Lcu0X8KEyMceP2ntpaHrDEVA==",
      "dev": true
    }
  },
  "dependencies": {
    "@commitlint/config-conventional": {
      "version": "21.2.2",
      "resolved": "https://registry.npmjs.org/@commitlint/config-conventional/-/config-conventional-21.2.2.tgz",
      "integrity": "sha512-NxA37SZviusFUEYOQZ5hNnZ1h7O/KiemPkxjOlpzKJNnWxThiwc6/SaZhaPa8fyLvfRBAywhQhJJk8XESHWlpQ==",
      "dev": true,
      "requires": {
        "@commitlint/types": "^21.2.0",
        "conventional-changelog-conventionalcommits": "^10.0.0"
      }
    },
    "@commitlint/types": {
      "version": "21.2.0",
      "resolved": "https://registry.npmjs.org/@commitlint/types/-/types-21.2.0.tgz",
      "integrity": "sha512-7zVFCDB2reMvJH5dmbKnOQPjZEvjdJTH8jc0U/PIPU1r3/+vf5pD1HlfitV2MWsWXrvu7u39iY1lyLUPOaN0Gw==",
      "dev": true,
      "requires": {
        "conventional-commits-parser": "^7.0.0",
        "picocolors": "^1.1.1"
      }
    },
    "@conventional-changelog/template": {
      "version": "1.3.0",
      "resolved": "https://registry.npmjs.org/@conventional-changelog/template/-/template-1.3.0.tgz",
      "integrity": "sha512-GsCw/qu92GI0EX6s7fxUi/SG1lmFjG9XZivxxEDZXqztuQKCn5o5wKdz4v005zci0Md7EZzgAwmQLoIEDZoaow==",
      "dev": true
    },
    "@simple-libs/stream-utils": {
      "version": "2.0.0",
      "resolved": "https://registry.npmjs.org/@simple-libs/stream-utils/-/stream-utils-2.0.0.tgz",
      "integrity": "sha512-fCTuZK4QBa+39Oz9l4OGfJfz+GpwCp3AqO7Zch3to99xHPgstVsRFpeQ8LNd2o1Gv8raL2mCFwiaHh7bFSp5DQ==",
      "dev": true
    },
    "argue-cli": {
      "version": "3.1.0",
      "resolved": "https://registry.npmjs.org/argue-cli/-/argue-cli-3.1.0.tgz",
      "integrity": "sha512-DhBpBfXL4SS2uC0N922MMajKR3CdrTG0u2or1PNYgXMsrSzViJrbtvT0nCLlLGUI0plam/ZZCs7aAauHtW9thw==",
      "dev": true
    },
    "conventional-changelog-conventionalcommits": {
      "version": "10.3.0",
      "resolved": "https://registry.npmjs.org/conventional-changelog-conventionalcommits/-/conventional-changelog-conventionalcommits-10.3.0.tgz",
      "integrity": "sha512-qag0zFD867Qq1DK0jAWicyWlEMS1FFC/BLVLISaoeI7Y6Em6aWchk7BCkhOTsecRpMsV6qX41XmlNnghiiTmSw==",
      "dev": true,
      "requires": {
        "@conventional-changelog/template": "^1.3.0"
      }
    },
    "conventional-commits-parser": {
      "version": "7.1.2",
      "resolved": "https://registry.npmjs.org/conventional-commits-parser/-/conventional-commits-parser-7.1.2.tgz",
      "integrity": "sha512-O+x4N2yH+ijvqWlIyTHsXTAP+algNWgGbjY2duCe8w2vUMvUB95cLRslCPfTMQyLAKlet3bhZTdu6ozn4M+QJQ==",
      "dev": true,
      "requires": {
        "@simple-libs/stream-utils": "^2.0.0",
        "argue-cli": "^3.1.0"
      }
    },
    "picocolors": {
      "version": "1.1.1",
      "resolved": "https://registry.npmjs.org/picocolors/-/picocolors-1.1.1.tgz",
      "integrity": "sha512-xceH2snhtb5M9liqDsmEw56le376mTZkEX/jEb/RxNFyegNul7eNslCXP9FDj/Lcu0X8KEyMceP2ntpaHrDEVA==",
      "dev": true
    }
  }
}
