{
  "name": "ha-optimal-humidity-ci",
  "version": "0.0.1",
  "lockfileVersion": 2,
  "requires": true,
  "packages": {
    "": {
      "name": "ha-optimal-humidity-ci",
      "version": "0.0.1",
      "license": "MIT",
      "devDependencies": {
        "@commitlint/config-conventional": "^21.2.0"
      }
    },
    "node_modules/@commitlint/config-conventional": {
      "version": "21.2.0",
      "resolved": "https://registry.npmjs.org/@commitlint/config-conventional/-/config-conventional-21.2.0.tgz",
      "integrity": "sha512-Qf8WRDVcyVd14if6VTWenebxFbKnVnbzPUJjlzjkyJGeHK2xCGd63Dr1XZzj0plXKQb9P0BfOxoc1HVeCo2BWQ==",
      "dev": true,
      "dependencies": {
        "@commitlint/types": "^21.2.0",
        "conventional-changelog-conventionalcommits": "^10.0.0"
      },
      "engines": {
        "node": ">=22.12.0"
      }
    },
    "node_modules/@commitlint/types": {
      "version": "21.2.0",
      "resolved": "https://registry.npmjs.org/@commitlint/types/-/types-21.2.0.tgz",
      "integrity": "sha512-7zVFCDB2reMvJH5dmbKnOQPjZEvjdJTH8jc0U/PIPU1r3/+vf5pD1HlfitV2MWsWXrvu7u39iY1lyLUPOaN0Gw==",
      "dev": true,
      "dependencies": {
        "conventional-commits-parser": "^7.0.0",
        "picocolors": "^1.1.1"
      },
      "engines": {
        "node": ">=22.12.0"
      }
    },
    "node_modules/@conventional-changelog/template": {
      "version": "1.2.0",
      "resolved": "https://registry.npmjs.org/@conventional-changelog/template/-/template-1.2.0.tgz",
      "integrity": "sha512-12qHxvlKjHmP0PQ+17EREgC7lWyLwbph1RKcZQZ7k7ZWGmrxfxC9gadHGfvzr0g0u8BhiBGg3tks93txodlyRQ==",
      "dev": true,
      "engines": {
        "node": ">=22"
      }
    },
    "node_modules/@simple-libs/stream-utils": {
      "version": "2.0.0",
      "resolved": "https://registry.npmjs.org/@simple-libs/stream-utils/-/stream-utils-2.0.0.tgz",
      "integrity": "sha512-fCTuZK4QBa+39Oz9l4OGfJfz+GpwCp3AqO7Zch3to99xHPgstVsRFpeQ8LNd2o1Gv8raL2mCFwiaHh7bFSp5DQ==",
      "dev": true,
      "engines": {
        "node": ">=22"
      },
      "funding": {
        "url": "https://ko-fi.com/dangreen"
      }
    },
    "node_modules/conventional-changelog-conventionalcommits": {
      "version": "10.2.0",
      "resolved": "https://registry.npmjs.org/conventional-changelog-conventionalcommits/-/conventional-changelog-conventionalcommits-10.2.0.tgz",
      "integrity": "sha512-UtlM9GqolY7OmlQh5L/UEVoKsTUpTgUVy1PU8JN5gl5Ydaejb7WRklGliG1SKPxxj7hzA173eG3Kt5fYWE2pmg==",
      "dev": true,
      "dependencies": {
        "@conventional-changelog/template": "^1.2.0"
      },
      "engines": {
        "node": ">=22"
      }
    },
    "node_modules/conventional-commits-parser": {
      "version": "7.0.0",
      "resolved": "https://registry.npmjs.org/conventional-commits-parser/-/conventional-commits-parser-7.0.0.tgz",
      "integrity": "sha512-dZe/p+FgGQLNJFqaCgNdl8j6a7gI8xuaN30Wy5g7nvyK3jqOpNUEUZ3pGJ5D68h89uRh038FtkeOk/bnGmYkmg==",
      "dev": true,
      "dependencies": {
        "@simple-libs/stream-utils": "^2.0.0",
        "meow": "^14.0.0"
      },
      "bin": {
        "conventional-commits-parser": "dist/cli/index.js"
      },
      "engines": {
        "node": ">=22"
      }
    },
    "node_modules/meow": {
      "version": "14.1.0",
      "resolved": "https://registry.npmjs.org/meow/-/meow-14.1.0.tgz",
      "integrity": "sha512-EDYo6VlmtnumlcBCbh1gLJ//9jvM/ndXHfVXIFrZVr6fGcwTUyCTFNTLCKuY3ffbK8L/+3Mzqnd58RojiZqHVw==",
      "dev": true,
      "engines": {
        "node": ">=20"
      },
      "funding": {
        "url": "https://github.com/sponsors/sindresorhus"
      }
    },
    "node_modules/picocolors": {
      "version": "1.1.1",
      "resolved": "https://registry.npmjs.org/picocolors/-/picocolors-1.1.1.tgz",
      "integrity": "sha512-xceH2snhtb5M9liqDsmEw56le376mTZkEX/jEb/RxNFyegNul7eNslCXP9FDj/Lcu0X8KEyMceP2ntpaHrDEVA==",
      "dev": true
    }
  },
  "dependencies": {
    "@commitlint/config-conventional": {
      "version": "21.2.0",
      "resolved": "https://registry.npmjs.org/@commitlint/config-conventional/-/config-conventional-21.2.0.tgz",
      "integrity": "sha512-Qf8WRDVcyVd14if6VTWenebxFbKnVnbzPUJjlzjkyJGeHK2xCGd63Dr1XZzj0plXKQb9P0BfOxoc1HVeCo2BWQ==",
      "dev": true,
      "requires": {
        "@commitlint/types": "^21.2.0",
        "conventional-changelog-conventionalcommits": "^10.0.0"
      }
    },
    "@commitlint/types": {
      "version": "21.2.0",
      "resolved": "https://registry.npmjs.org/@commitlint/types/-/types-21.2.0.tgz",
      "integrity": "sha512-7zVFCDB2reMvJH5dmbKnOQPjZEvjdJTH8jc0U/PIPU1r3/+vf5pD1HlfitV2MWsWXrvu7u39iY1lyLUPOaN0Gw==",
      "dev": true,
      "requires": {
        "conventional-commits-parser": "^7.0.0",
        "picocolors": "^1.1.1"
      }
    },
    "@conventional-changelog/template": {
      "version": "1.2.0",
      "resolved": "https://registry.npmjs.org/@conventional-changelog/template/-/template-1.2.0.tgz",
      "integrity": "sha512-12qHxvlKjHmP0PQ+17EREgC7lWyLwbph1RKcZQZ7k7ZWGmrxfxC9gadHGfvzr0g0u8BhiBGg3tks93txodlyRQ==",
      "dev": true
    },
    "@simple-libs/stream-utils": {
      "version": "2.0.0",
      "resolved": "https://registry.npmjs.org/@simple-libs/stream-utils/-/stream-utils-2.0.0.tgz",
      "integrity": "sha512-fCTuZK4QBa+39Oz9l4OGfJfz+GpwCp3AqO7Zch3to99xHPgstVsRFpeQ8LNd2o1Gv8raL2mCFwiaHh7bFSp5DQ==",
      "dev": true
    },
    "conventional-changelog-conventionalcommits": {
      "version": "10.2.0",
      "resolved": "https://registry.npmjs.org/conventional-changelog-conventionalcommits/-/conventional-changelog-conventionalcommits-10.2.0.tgz",
      "integrity": "sha512-UtlM9GqolY7OmlQh5L/UEVoKsTUpTgUVy1PU8JN5gl5Ydaejb7WRklGliG1SKPxxj7hzA173eG3Kt5fYWE2pmg==",
      "dev": true,
      "requires": {
        "@conventional-changelog/template": "^1.2.0"
      }
    },
    "conventional-commits-parser": {
      "version": "7.0.0",
      "resolved": "https://registry.npmjs.org/conventional-commits-parser/-/conventional-commits-parser-7.0.0.tgz",
      "integrity": "sha512-dZe/p+FgGQLNJFqaCgNdl8j6a7gI8xuaN30Wy5g7nvyK3jqOpNUEUZ3pGJ5D68h89uRh038FtkeOk/bnGmYkmg==",
      "dev": true,
      "requires": {
        "@simple-libs/stream-utils": "^2.0.0",
        "meow": "^14.0.0"
      }
    },
    "meow": {
      "version": "14.1.0",
      "resolved": "https://registry.npmjs.org/meow/-/meow-14.1.0.tgz",
      "integrity": "sha512-EDYo6VlmtnumlcBCbh1gLJ//9jvM/ndXHfVXIFrZVr6fGcwTUyCTFNTLCKuY3ffbK8L/+3Mzqnd58RojiZqHVw==",
      "dev": true
    },
    "picocolors": {
      "version": "1.1.1",
      "resolved": "https://registry.npmjs.org/picocolors/-/picocolors-1.1.1.tgz",
      "integrity": "sha512-xceH2snhtb5M9liqDsmEw56le376mTZkEX/jEb/RxNFyegNul7eNslCXP9FDj/Lcu0X8KEyMceP2ntpaHrDEVA==",
      "dev": true
    }
  }
}
