{
  "name": "ha-optimal-humidity-ci",
  "version": "0.0.1",
  "lockfileVersion": 2,
  "requires": true,
  "packages": {
    "": {
      "name": "ha-optimal-humidity-ci",
      "version": "0.0.1",
      "license": "MIT",
      "devDependencies": {
        "@commitlint/config-conventional": "^20.4.1"
      }
    },
    "node_modules/@commitlint/config-conventional": {
      "version": "20.4.1",
      "resolved": "https://registry.npmjs.org/@commitlint/config-conventional/-/config-conventional-20.4.1.tgz",
      "integrity": "sha512-0YUvIeBtpi86XriqrR+TCULVFiyYTIOEPjK7tTRMxjcBm1qlzb+kz7IF2WxL6Fq5DaundG8VO37BNgMkMTBwqA==",
      "dev": true,
      "dependencies": {
        "@commitlint/types": "^20.4.0",
        "conventional-changelog-conventionalcommits": "^9.1.0"
      },
      "engines": {
        "node": ">=v18"
      }
    },
    "node_modules/@commitlint/types": {
      "version": "20.4.0",
      "resolved": "https://registry.npmjs.org/@commitlint/types/-/types-20.4.0.tgz",
      "integrity": "sha512-aO5l99BQJ0X34ft8b0h7QFkQlqxC6e7ZPVmBKz13xM9O8obDaM1Cld4sQlJDXXU/VFuUzQ30mVtHjVz74TuStw==",
      "dev": true,
      "dependencies": {
        "conventional-commits-parser": "^6.2.1",
        "picocolors": "^1.1.1"
      },
      "engines": {
        "node": ">=v18"
      }
    },
    "node_modules/array-ify": {
      "version": "1.0.0",
      "resolved": "https://registry.npmjs.org/array-ify/-/array-ify-1.0.0.tgz",
      "integrity": "sha512-c5AMf34bKdvPhQ7tBGhqkgKNUzMr4WUs+WDtC2ZUGOUncbxKMTvqxYctiseW3+L4bA8ec+GcZ6/A/FW4m8ukng==",
      "dev": true
    },
    "node_modules/compare-func": {
      "version": "2.0.0",
      "resolved": "https://registry.npmjs.org/compare-func/-/compare-func-2.0.0.tgz",
      "integrity": "sha512-zHig5N+tPWARooBnb0Zx1MFcdfpyJrfTJ3Y5L+IFvUm8rM74hHz66z0gw0x4tijh5CorKkKUCnW82R2vmpeCRA==",
      "dev": true,
      "dependencies": {
        "array-ify": "^1.0.0",
        "dot-prop": "^5.1.0"
      }
    },
    "node_modules/conventional-changelog-conventionalcommits": {
      "version": "9.1.0",
      "resolved": "https://registry.npmjs.org/conventional-changelog-conventionalcommits/-/conventional-changelog-conventionalcommits-9.1.0.tgz",
      "integrity": "sha512-MnbEysR8wWa8dAEvbj5xcBgJKQlX/m0lhS8DsyAAWDHdfs2faDJxTgzRYlRYpXSe7UiKrIIlB4TrBKU9q9DgkA==",
      "dev": true,
      "dependencies": {
        "compare-func": "^2.0.0"
      },
      "engines": {
        "node": ">=18"
      }
    },
    "node_modules/conventional-commits-parser": {
      "version": "6.2.1",
      "resolved": "https://registry.npmjs.org/conventional-commits-parser/-/conventional-commits-parser-6.2.1.tgz",
      "integrity": "sha512-20pyHgnO40rvfI0NGF/xiEoFMkXDtkF8FwHvk5BokoFoCuTQRI8vrNCNFWUOfuolKJMm1tPCHc8GgYEtr1XRNA==",
      "dev": true,
      "dependencies": {
        "meow": "^13.0.0"
      },
      "bin": {
        "conventional-commits-parser": "dist/cli/index.js"
      },
      "engines": {
        "node": ">=18"
      }
    },
    "node_modules/dot-prop": {
      "version": "5.3.0",
      "resolved": "https://registry.npmjs.org/dot-prop/-/dot-prop-5.3.0.tgz",
      "integrity": "sha512-QM8q3zDe58hqUqjraQOmzZ1LIH9SWQJTlEKCH4kJ2oQvLZk7RbQXvtDM2XEq3fwkV9CCvvH4LA0AV+ogFsBM2Q==",
      "dev": true,
      "dependencies": {
        "is-obj": "^2.0.0"
      },
      "engines": {
        "node": ">=8"
      }
    },
    "node_modules/is-obj": {
      "version": "2.0.0",
      "resolved": "https://registry.npmjs.org/is-obj/-/is-obj-2.0.0.tgz",
      "integrity": "sha512-drqDG3cbczxxEJRoOXcOjtdp1J/lyp1mNn0xaznRs8+muBhgQcrnbspox5X5fOw0HnMnbfDzvnEMEtqDEJEo8w==",
      "dev": true,
      "engines": {
        "node": ">=8"
      }
    },
    "node_modules/meow": {
      "version": "13.2.0",
      "resolved": "https://registry.npmjs.org/meow/-/meow-13.2.0.tgz",
      "integrity": "sha512-pxQJQzB6djGPXh08dacEloMFopsOqGVRKFPYvPOt9XDZ1HasbgDZA74CJGreSU4G3Ak7EFJGoiH2auq+yXISgA==",
      "dev": true,
      "engines": {
        "node": ">=18"
      },
      "funding": {
        "url": "https://github.com/sponsors/sindresorhus"
      }
    },
    "node_modules/picocolors": {
      "version": "1.1.1",
      "resolved": "https://registry.npmjs.org/picocolors/-/picocolors-1.1.1.tgz",
      "integrity": "sha512-xceH2snhtb5M9liqDsmEw56le376mTZkEX/jEb/RxNFyegNul7eNslCXP9FDj/Lcu0X8KEyMceP2ntpaHrDEVA==",
      "dev": true
    }
  },
  "dependencies": {
    "@commitlint/config-conventional": {
      "version": "20.4.1",
      "resolved": "https://registry.npmjs.org/@commitlint/config-conventional/-/config-conventional-20.4.1.tgz",
      "integrity": "sha512-0YUvIeBtpi86XriqrR+TCULVFiyYTIOEPjK7tTRMxjcBm1qlzb+kz7IF2WxL6Fq5DaundG8VO37BNgMkMTBwqA==",
      "dev": true,
      "requires": {
        "@commitlint/types": "^20.4.0",
        "conventional-changelog-conventionalcommits": "^9.1.0"
      }
    },
    "@commitlint/types": {
      "version": "20.4.0",
      "resolved": "https://registry.npmjs.org/@commitlint/types/-/types-20.4.0.tgz",
      "integrity": "sha512-aO5l99BQJ0X34ft8b0h7QFkQlqxC6e7ZPVmBKz13xM9O8obDaM1Cld4sQlJDXXU/VFuUzQ30mVtHjVz74TuStw==",
      "dev": true,
      "requires": {
        "conventional-commits-parser": "^6.2.1",
        "picocolors": "^1.1.1"
      }
    },
    "array-ify": {
      "version": "1.0.0",
      "resolved": "https://registry.npmjs.org/array-ify/-/array-ify-1.0.0.tgz",
      "integrity": "sha512-c5AMf34bKdvPhQ7tBGhqkgKNUzMr4WUs+WDtC2ZUGOUncbxKMTvqxYctiseW3+L4bA8ec+GcZ6/A/FW4m8ukng==",
      "dev": true
    },
    "compare-func": {
      "version": "2.0.0",
      "resolved": "https://registry.npmjs.org/compare-func/-/compare-func-2.0.0.tgz",
      "integrity": "sha512-zHig5N+tPWARooBnb0Zx1MFcdfpyJrfTJ3Y5L+IFvUm8rM74hHz66z0gw0x4tijh5CorKkKUCnW82R2vmpeCRA==",
      "dev": true,
      "requires": {
        "array-ify": "^1.0.0",
        "dot-prop": "^5.1.0"
      }
    },
    "conventional-changelog-conventionalcommits": {
      "version": "9.1.0",
      "resolved": "https://registry.npmjs.org/conventional-changelog-conventionalcommits/-/conventional-changelog-conventionalcommits-9.1.0.tgz",
      "integrity": "sha512-MnbEysR8wWa8dAEvbj5xcBgJKQlX/m0lhS8DsyAAWDHdfs2faDJxTgzRYlRYpXSe7UiKrIIlB4TrBKU9q9DgkA==",
      "dev": true,
      "requires": {
        "compare-func": "^2.0.0"
      }
    },
    "conventional-commits-parser": {
      "version": "6.2.1",
      "resolved": "https://registry.npmjs.org/conventional-commits-parser/-/conventional-commits-parser-6.2.1.tgz",
      "integrity": "sha512-20pyHgnO40rvfI0NGF/xiEoFMkXDtkF8FwHvk5BokoFoCuTQRI8vrNCNFWUOfuolKJMm1tPCHc8GgYEtr1XRNA==",
      "dev": true,
      "requires": {
        "meow": "^13.0.0"
      }
    },
    "dot-prop": {
      "version": "5.3.0",
      "resolved": "https://registry.npmjs.org/dot-prop/-/dot-prop-5.3.0.tgz",
      "integrity": "sha512-QM8q3zDe58hqUqjraQOmzZ1LIH9SWQJTlEKCH4kJ2oQvLZk7RbQXvtDM2XEq3fwkV9CCvvH4LA0AV+ogFsBM2Q==",
      "dev": true,
      "requires": {
        "is-obj": "^2.0.0"
      }
    },
    "is-obj": {
      "version": "2.0.0",
      "resolved": "https://registry.npmjs.org/is-obj/-/is-obj-2.0.0.tgz",
      "integrity": "sha512-drqDG3cbczxxEJRoOXcOjtdp1J/lyp1mNn0xaznRs8+muBhgQcrnbspox5X5fOw0HnMnbfDzvnEMEtqDEJEo8w==",
      "dev": true
    },
    "meow": {
      "version": "13.2.0",
      "resolved": "https://registry.npmjs.org/meow/-/meow-13.2.0.tgz",
      "integrity": "sha512-pxQJQzB6djGPXh08dacEloMFopsOqGVRKFPYvPOt9XDZ1HasbgDZA74CJGreSU4G3Ak7EFJGoiH2auq+yXISgA==",
      "dev": true
    },
    "picocolors": {
      "version": "1.1.1",
      "resolved": "https://registry.npmjs.org/picocolors/-/picocolors-1.1.1.tgz",
      "integrity": "sha512-xceH2snhtb5M9liqDsmEw56le376mTZkEX/jEb/RxNFyegNul7eNslCXP9FDj/Lcu0X8KEyMceP2ntpaHrDEVA==",
      "dev": true
    }
  }
}
